// !$*UTF8*$!
{
	archiveVersion = 1;
	classes = {
	};
	objectVersion = 55;
	objects = {

/* Begin PBXBuildFile section */
		B897A07D28C8CE280025DC98 /* ViewModel.swift in Sources */ = {isa = PBXBuildFile; fileRef = B897A07C28C8CE280025DC98 /* ViewModel.swift */; };
		B897A07F28C8CEA40025DC98 /* ViewData.swift in Sources */ = {isa = PBXBuildFile; fileRef = B897A07E28C8CEA40025DC98 /* ViewData.swift */; };
		B898E31928B76E6A00AA170A /* testGuiApp.swift in Sources */ = {isa = PBXBuildFile; fileRef = B898E31828B76E6A00AA170A /* testGuiApp.swift */; };
		B898E31B28B76E6A00AA170A /* EditView.swift in Sources */ = {isa = PBXBuildFile; fileRef = B898E31A28B76E6A00AA170A /* EditView.swift */; };
		B898E31D28B76E6C00AA170A /* Assets.xcassets in Resources */ = {isa = PBXBuildFile; fileRef = B898E31C28B76E6C00AA170A /* Assets.xcassets */; };
		B898E32028B76E6C00AA170A /* Preview Assets.xcassets in Resources */ = {isa = PBXBuildFile; fileRef = B898E31F28B76E6C00AA170A /* Preview Assets.xcassets */; };
		B898E32728B76F2700AA170A /* EditView+EditContactInformation.swift in Sources */ = {isa = PBXBuildFile; fileRef = B898E32628B76F2700AA170A /* EditView+EditContactInformation.swift */; };
		B898E32B28B77B6700AA170A /* AttributeEditInput.swift in Sources */ = {isa = PBXBuildFile; fileRef = B898E32A28B77B6700AA170A /* AttributeEditInput.swift */; };
/* End PBXBuildFile section */

/* Begin PBXFileReference section */
		B897A07C28C8CE280025DC98 /* ViewModel.swift */ = {isa = PBXFileReference; lastKnownFileType = sourcecode.swift; path = ViewModel.swift; sourceTree = "<group>"; };
		B897A07E28C8CEA40025DC98 /* ViewData.swift */ = {isa = PBXFileReference; lastKnownFileType = sourcecode.swift; path = ViewData.swift; sourceTree = "<group>"; };
		B898E31528B76E6A00AA170A /* testGui.app */ = {isa = PBXFileReference; explicitFileType = wrapper.application; includeInIndex = 0; path = testGui.app; sourceTree = BUILT_PRODUCTS_DIR; };
		B898E31828B76E6A00AA170A /* testGuiApp.swift */ = {isa = PBXFileReference; lastKnownFileType = sourcecode.swift; path = testGuiApp.swift; sourceTree = "<group>"; };
		B898E31A28B76E6A00AA170A /* EditView.swift */ = {isa = PBXFileReference; lastKnownFileType = sourcecode.swift; path = EditView.swift; sourceTree = "<group>"; };
		B898E31C28B76E6C00AA170A /* Assets.xcassets */ = {isa = PBXFileReference; lastKnownFileType = folder.assetcatalog; path = Assets.xcassets; sourceTree = "<group>"; };
		B898E31F28B76E6C00AA170A /* Preview Assets.xcassets */ = {isa = PBXFileReference; lastKnownFileType = folder.assetcatalog; path = "Preview Assets.xcassets"; sourceTree = "<group>"; };
		B898E32628B76F2700AA170A /* EditView+EditContactInformation.swift */ = {isa = PBXFileReference; lastKnownFileType = sourcecode.swift; path = "EditView+EditContactInformation.swift"; sourceTree = "<group>"; };
		B898E32A28B77B6700AA170A /* AttributeEditInput.swift */ = {isa = PBXFileReference; lastKnownFileType = sourcecode.swift; path = AttributeEditInput.swift; sourceTree = "<group>"; };
/* End PBXFileReference section */

/* Begin PBXFrameworksBuildPhase section */
		B898E31228B76E6A00AA170A /* Frameworks */ = {
			isa = PBXFrameworksBuildPhase;
			buildActionMask = 2147483647;
			files = (
			);
			runOnlyForDeploymentPostprocessing = 0;
		};
/* End PBXFrameworksBuildPhase section */

/* Begin PBXGroup section */
		B898E30C28B76E6A00AA170A = {
			isa = PBXGroup;
			children = (
				B898E31728B76E6A00AA170A /* testGui */,
				B898E31628B76E6A00AA170A /* Products */,
			);
			sourceTree = "<group>";
		};
		B898E31628B76E6A00AA170A /* Products */ = {
			isa = PBXGroup;
			children = (
				B898E31528B76E6A00AA170A /* testGui.app */,
			);
			name = Products;
			sourceTree = "<group>";
		};
		B898E31728B76E6A00AA170A /* testGui */ = {
			isa = PBXGroup;
			children = (
				B897A07C28C8CE280025DC98 /* ViewModel.swift */,
				B897A07E28C8CEA40025DC98 /* ViewData.swift */,
				B898E32A28B77B6700AA170A /* AttributeEditInput.swift */,
				B898E31828B76E6A00AA170A /* testGuiApp.swift */,
				B898E31A28B76E6A00AA170A /* EditView.swift */,
				B898E32628B76F2700AA170A /* EditView+EditContactInformation.swift */,
				B898E31C28B76E6C00AA170A /* Assets.xcassets */,
				B898E31E28B76E6C00AA170A /* Preview Content */,
			);
			path = testGui;
			sourceTree = "<group>";
		};
		B898E31E28B76E6C00AA170A /* Preview Content */ = {
			isa = PBXGroup;
			children = (
				B898E31F28B76E6C00AA170A /* Preview Assets.xcassets */,
			);
			path = "Preview Content";
			sourceTree = "<group>";
		};
/* End PBXGroup section */

/* Begin PBXNativeTarget section */
		B898E31428B76E6A00AA170A /* testGui */ = {
			isa = PBXNativeTarget;
			buildConfigurationList = B898E32328B76E6C00AA170A /* Build configuration list for PBXNativeTarget "testGui" */;
			buildPhases = (
				B898E31128B76E6A00AA170A /* Sources */,
				B898E31228B76E6A00AA170A /* Frameworks */,
				B898E31328B76E6A00AA170A /* Resources */,
			);
			buildRules = (
			);
			dependencies = (
			);
			name = testGui;
			productName = testGui;
			productReference = B898E31528B76E6A00AA170A /* testGui.app */;
			productType = "com.apple.product-type.application";
		};
/* End PBXNativeTarget section */

/* Begin PBXProject section */
		B898E30D28B76E6A00AA170A /* Project object */ = {
			isa = PBXProject;
			attributes = {
				BuildIndependentTargetsInParallel = 1;
				LastSwiftUpdateCheck = 1340;
				LastUpgradeCheck = 1340;
				TargetAttributes = {
					B898E31428B76E6A00AA170A = {
						CreatedOnToolsVersion = 13.4.1;
					};
				};
			};
			buildConfigurationList = B898E31028B76E6A00AA170A /* Build configuration list for PBXProject "testGui" */;
			compatibilityVersion = "Xcode 13.0";
			developmentRegion = en;
			hasScannedForEncodings = 0;
			knownRegions = (
				en,
				Base,
			);
			mainGroup = B898E30C28B76E6A00AA170A;
			productRefGroup = B898E31628B76E6A00AA170A /* Products */;
			projectDirPath = "";
			projectRoot = "";
			targets = (
				B898E31428B76E6A00AA170A /* testGui */,
			);
		};
/* End PBXProject section */

/* Begin PBXResourcesBuildPhase section */
		B898E31328B76E6A00AA170A /* Resources */ = {
			isa = PBXResourcesBuildPhase;
			buildActionMask = 2147483647;
			files = (
				B898E32028B76E6C00AA170A /* Preview Assets.xcassets in Resources */,
				B898E31D28B76E6C00AA170A /* Assets.xcassets in Resources */,
			);
			runOnlyForDeploymentPostprocessing = 0;
		};
/* End PBXResourcesBuildPhase section */

/* Begin PBXSourcesBuildPhase section */
		B898E31128B76E6A00AA170A /* Sources */ = {
			isa = PBXSourcesBuildPhase;
			buildActionMask = 2147483647;
			files = (
				B897A07F28C8CEA40025DC98 /* ViewData.swift in Sources */,
				B898E31B28B76E6A00AA170A /* EditView.swift in Sources */,
				B898E32B28B77B6700AA170A /* AttributeEditInput.swift in Sources */,
				B898E32728B76F2700AA170A /* EditView+EditContactInformation.swift in Sources */,
				B898E31928B76E6A00AA170A /* testGuiApp.swift in Sources */,
				B897A07D28C8CE280025DC98 /* ViewModel.swift in Sources */,
			);
			runOnlyForDeploymentPostprocessing = 0;
		};
/* End PBXSourcesBuildPhase section */

/* Begin XCBuildConfiguration section */
		B898E32128B76E6C00AA170A /* Debug */ = {
			isa = XCBuildConfiguration;
			buildSettings = {
				ALWAYS_SEARCH_USER_PATHS = NO;
				CLANG_ANALYZER_NONNULL = YES;
				CLANG_ANALYZER_NUMBER_OBJECT_CONVERSION = YES_AGGRESSIVE;
				CLANG_CXX_LANGUAGE_STANDARD = "gnu++17";
				CLANG_ENABLE_MODULES = YES;
				CLANG_ENABLE_OBJC_ARC = YES;
				CLANG_ENABLE_OBJC_WEAK = YES;
				CLANG_WARN_BLOCK_CAPTURE_AUTORELEASING = YES;
				CLANG_WARN_BOOL_CONVERSION = YES;
				CLANG_WARN_COMMA = YES;
				CLANG_WARN_CONSTANT_CONVERSION = YES;
				CLANG_WARN_DEPRECATED_OBJC_IMPLEMENTATIONS = YES;
				CLANG_WARN_DIRECT_OBJC_ISA_USAGE = YES_ERROR;
				CLANG_WARN_DOCUMENTATION_COMMENTS = YES;
				CLANG_WARN_EMPTY_BODY = YES;
				CLANG_WARN_ENUM_CONVERSION = YES;
				CLANG_WARN_INFINITE_RECURSION = YES;
				CLANG_WARN_INT_CONVERSION = YES;
				CLANG_WARN_NON_LITERAL_NULL_CONVERSION = YES;
				CLANG_WARN_OBJC_IMPLICIT_RETAIN_SELF = YES;
				CLANG_WARN_OBJC_LITERAL_CONVERSION = YES;
				CLANG_WARN_OBJC_ROOT_CLASS = YES_ERROR;
				CLANG_WARN_QUOTED_INCLUDE_IN_FRAMEWORK_HEADER = YES;
				CLANG_WARN_RANGE_LOOP_ANALYSIS = YES;
				CLANG_WARN_STRICT_PROTOTYPES = YES;
				CLANG_WARN_SUSPICIOUS_MOVE = YES;
				CLANG_WARN_UNGUARDED_AVAILABILITY = YES_AGGRESSIVE;
				CLANG_WARN_UNREACHABLE_CODE = YES;
				CLANG_WARN__DUPLICATE_METHOD_MATCH = YES;
				COPY_PHASE_STRIP = NO;
				DEBUG_INFORMATION_FORMAT = dwarf;
				ENABLE_STRICT_OBJC_MSGSEND = YES;
				ENABLE_TESTABILITY = YES;
				GCC_C_LANGUAGE_STANDARD = gnu11;
				GCC_DYNAMIC_NO_PIC = NO;
				GCC_NO_COMMON_BLOCKS = YES;
				GCC_OPTIMIZATION_LEVEL = 0;
				GCC_PREPROCESSOR_DEFINITIONS = (
					"DEBUG=1",
					"$(inherited)",
				);
				GCC_WARN_64_TO_32_BIT_CONVERSION = YES;
				GCC_WARN_ABOUT_RETURN_TYPE = YES_ERROR;
				GCC_WARN_UNDECLARED_SELECTOR = YES;
				GCC_WARN_UNINITIALIZED_AUTOS = YES_AGGRESSIVE;
				GCC_WARN_UNUSED_FUNCTION = YES;
				GCC_WARN_UNUSED_VARIABLE = YES;
				IPHONEOS_DEPLOYMENT_TARGET = 15.5;
				MTL_ENABLE_DEBUG_INFO = INCLUDE_SOURCE;
				MTL_FAST_MATH = YES;
				ONLY_ACTIVE_ARCH = YES;
				SDKROOT = iphoneos;
				SWIFT_ACTIVE_COMPILATION_CONDITIONS = DEBUG;
				SWIFT_OPTIMIZATION_LEVEL = "-Onone";
			};
			name = Debug;
		};
		B898E32228B76E6C00AA170A /* Release */ = {
			isa = XCBuildConfiguration;
			buildSettings = {
				ALWAYS_SEARCH_USER_PATHS = NO;
				CLANG_ANALYZER_NONNULL = YES;
				CLANG_ANALYZER_NUMBER_OBJECT_CONVERSION = YES_AGGRESSIVE;
				CLANG_CXX_LANGUAGE_STANDARD = "gnu++17";
				CLANG_ENABLE_MODULES = YES;
				CLANG_ENABLE_OBJC_ARC = YES;
				CLANG_ENABLE_OBJC_WEAK = YES;
				CLANG_WARN_BLOCK_CAPTURE_AUTORELEASING = YES;
				CLANG_WARN_BOOL_CONVERSION = YES;
				CLANG_WARN_COMMA = YES;
				CLANG_WARN_CONSTANT_CONVERSION = YES;
				CLANG_WARN_DEPRECATED_OBJC_IMPLEMENTATIONS = YES;
				CLANG_WARN_DIRECT_OBJC_ISA_USAGE = YES_ERROR;
				CLANG_WARN_DOCUMENTATION_COMMENTS = YES;
				CLANG_WARN_EMPTY_BODY = YES;
				CLANG_WARN_ENUM_CONVERSION = YES;
				CLANG_WARN_INFINITE_RECURSION = YES;
				CLANG_WARN_INT_CONVERSION = YES;
				CLANG_WARN_NON_LITERAL_NULL_CONVERSION = YES;
				CLANG_WARN_OBJC_IMPLICIT_RETAIN_SELF = YES;
				CLANG_WARN_OBJC_LITERAL_CONVERSION = YES;
				CLANG_WARN_OBJC_ROOT_CLASS = YES_ERROR;
				CLANG_WARN_QUOTED_INCLUDE_IN_FRAMEWORK_HEADER = YES;
				CLANG_WARN_RANGE_LOOP_ANALYSIS = YES;
				CLANG_WARN_STRICT_PROTOTYPES = YES;
				CLANG_WARN_SUSPICIOUS_MOVE = YES;
				CLANG_WARN_UNGUARDED_AVAILABILITY = YES_AGGRESSIVE;
				CLANG_WARN_UNREACHABLE_CODE = YES;
				CLANG_WARN__DUPLICATE_METHOD_MATCH = YES;
				COPY_PHASE_STRIP = NO;
				DEBUG_INFORMATION_FORMAT = "dwarf-with-dsym";
				ENABLE_NS_ASSERTIONS = NO;
				ENABLE_STRICT_OBJC_MSGSEND = YES;
				GCC_C_LANGUAGE_STANDARD = gnu11;
				GCC_NO_COMMON_BLOCKS = YES;
				GCC_WARN_64_TO_32_BIT_CONVERSION = YES;
				GCC_WARN_ABOUT_RETURN_TYPE = YES_ERROR;
				GCC_WARN_UNDECLARED_SELECTOR = YES;
				GCC_WARN_UNINITIALIZED_AUTOS = YES_AGGRESSIVE;
				GCC_WARN_UNUSED_FUNCTION = YES;
				GCC_WARN_UNUSED_VARIABLE = YES;
				IPHONEOS_DEPLOYMENT_TARGET = 15.5;
				MTL_ENABLE_DEBUG_INFO = NO;
				MTL_FAST_MATH = YES;
				SDKROOT = iphoneos;
				SWIFT_COMPILATION_MODE = wholemodule;
				SWIFT_OPTIMIZATION_LEVEL = "-O";
				VALIDATE_PRODUCT = YES;
			};
			name = Release;
		};
		B898E32428B76E6C00AA170A /* Debug */ = {
			isa = XCBuildConfiguration;
			buildSettings = {
				ASSETCATALOG_COMPILER_APPICON_NAME = AppIcon;
				ASSETCATALOG_COMPILER_GLOBAL_ACCENT_COLOR_NAME = AccentColor;
				CODE_SIGN_STYLE = Automatic;
				CURRENT_PROJECT_VERSION = 1;
				DEVELOPMENT_ASSET_PATHS = "\"testGui/Preview Content\"";
				ENABLE_PREVIEWS = YES;
				GENERATE_INFOPLIST_FILE = YES;
				INFOPLIST_KEY_UIApplicationSceneManifest_Generation = YES;
				INFOPLIST_KEY_UIApplicationSupportsIndirectInputEvents = YES;
				INFOPLIST_KEY_UILaunchScreen_Generation = YES;
				INFOPLIST_KEY_UISupportedInterfaceOrientations_iPad = "UIInterfaceOrientationPortrait UIInterfaceOrientationPortraitUpsideDown UIInterfaceOrientationLandscapeLeft UIInterfaceOrientationLandscapeRight";
				INFOPLIST_KEY_UISupportedInterfaceOrientations_iPhone = "UIInterfaceOrientationPortrait UIInterfaceOrientationLandscapeLeft UIInterfaceOrientationLandscapeRight";
				LD_RUNPATH_SEARCH_PATHS = (
					"$(inherited)",
					"@executable_path/Frameworks",
				);
				MARKETING_VERSION = 1.0;
				PRODUCT_BUNDLE_IDENTIFIER = dupa.dupa.testGui;
				PRODUCT_NAME = "$(TARGET_NAME)";
				SWIFT_EMIT_LOC_STRINGS = YES;
				SWIFT_VERSION = 5.0;
				TARGETED_DEVICE_FAMILY = "1,2";
			};
			name = Debug;
		};
		B898E32528B76E6C00AA170A /* Release */ = {
			isa = XCBuildConfiguration;
			buildSettings = {
				ASSETCATALOG_COMPILER_APPICON_NAME = AppIcon;
				ASSETCATALOG_COMPILER_GLOBAL_ACCENT_COLOR_NAME = AccentColor;
				CODE_SIGN_STYLE = Automatic;
				CURRENT_PROJECT_VERSION = 1;
				DEVELOPMENT_ASSET_PATHS = "\"testGui/Preview Content\"";
				ENABLE_PREVIEWS = YES;
				GENERATE_INFOPLIST_FILE = YES;
				INFOPLIST_KEY_UIApplicationSceneManifest_Generation = YES;
				INFOPLIST_KEY_UIApplicationSupportsIndirectInputEvents = YES;
				INFOPLIST_KEY_UILaunchScreen_Generation = YES;
				INFOPLIST_KEY_UISupportedInterfaceOrientations_iPad = "UIInterfaceOrientationPortrait UIInterfaceOrientationPortraitUpsideDown UIInterfaceOrientationLandscapeLeft UIInterfaceOrientationLandscapeRight";
				INFOPLIST_KEY_UISupportedInterfaceOrientations_iPhone = "UIInterfaceOrientationPortrait UIInterfaceOrientationLandscapeLeft UIInterfaceOrientationLandscapeRight";
				LD_RUNPATH_SEARCH_PATHS = (
					"$(inherited)",
					"@executable_path/Frameworks",
				);
				MARKETING_VERSION = 1.0;
				PRODUCT_BUNDLE_IDENTIFIER = dupa.dupa.testGui;
				PRODUCT_NAME = "$(TARGET_NAME)";
				SWIFT_EMIT_LOC_STRINGS = YES;
				SWIFT_VERSION = 5.0;
				TARGETED_DEVICE_FAMILY = "1,2";
			};
			name = Release;
		};
/* End XCBuildConfiguration section */

/* Begin XCConfigurationList section */
		B898E31028B76E6A00AA170A /* Build configuration list for PBXProject "testGui" */ = {
			isa = XCConfigurationList;
			buildConfigurations = (
				B898E32128B76E6C00AA170A /* Debug */,
				B898E32228B76E6C00AA170A /* Release */,
			);
			defaultConfigurationIsVisible = 0;
			defaultConfigurationName = Release;
		};
		B898E32328B76E6C00AA170A /* Build configuration list for PBXNativeTarget "testGui" */ = {
			isa = XCConfigurationList;
			buildConfigurations = (
				B898E32428B76E6C00AA170A /* Debug */,
				B898E32528B76E6C00AA170A /* Release */,
			);
			defaultConfigurationIsVisible = 0;
			defaultConfigurationName = Release;
		};
/* End XCConfigurationList section */
	};
	rootObject = B898E30D28B76E6A00AA170A /* Project object */;
}
